
Microsoft Visual Studio Solution File, Format Version 12.00
# Visual Studio Version 17
VisualStudioVersion = 17.3.32825.248
MinimumVisualStudioVersion = 10.0.40219.1
Project("{FAE04EC0-301F-11D3-BF4B-00C04F79EFBC}") = "Code_Challenge", "Code_Challenge.csproj", "{7BDF7CCF-BDC3-4611-8994-8A6E0ACD35D9}"
EndProject
Global
	GlobalSection(SolutionConfigurationPlatforms) = preSolution
		Debug|Any CPU = Debug|Any CPU
		Release|Any CPU = Release|Any CPU
	EndGlobalSection
	GlobalSection(ProjectConfigurationPlatforms) = postSolution
		{7BDF7CCF-BDC3-4611-8994-8A6E0ACD35D9}.Debug|Any CPU.ActiveCfg = Debug|Any CPU
		{7BDF7CCF-BDC3-4611-8994-8A6E0ACD35D9}.Debug|Any CPU.Build.0 = Debug|Any CPU
		{7BDF7CCF-BDC3-4611-8994-8A6E0ACD35D9}.Release|Any CPU.ActiveCfg = Release|Any CPU
		{7BDF7CCF-BDC3-4611-8994-8A6E0ACD35D9}.Release|Any CPU.Build.0 = Release|Any CPU
	EndGlobalSection
	GlobalSection(SolutionProperties) = preSolution
		HideSolutionNode = FALSE
	EndGlobalSection
	GlobalSection(ExtensibilityGlobals) = postSolution
		SolutionGuid = {C50D77AB-21FF-499D-B7B3-2AB6A21F468E}
	EndGlobalSection
EndGlobal
